
Microsoft Visual Studio Solution File, Format Version 12.00
# Visual Studio 15
Project("{FAE04EC0-301F-11D3-BF4B-00C04F79EFBC}") = "SteamVR", "SteamVR.csproj", "{97636B96-F2B3-7E24-429C-9F5210A29093}"
EndProject
Project("{FAE04EC0-301F-11D3-BF4B-00C04F79EFBC}") = "SteamVR_Input_Editor", "SteamVR_Input_Editor.csproj", "{165C9D4B-FA90-83D2-5C6D-EF5E5B873928}"
EndProject
Project("{FAE04EC0-301F-11D3-BF4B-00C04F79EFBC}") = "SteamVR_Editor", "SteamVR_Editor.csproj", "{C3395D40-3DE0-CEDF-9592-411B723BA9DF}"
EndProject
Project("{FAE04EC0-301F-11D3-BF4B-00C04F79EFBC}") = "SteamVR_Windows_EditorHelper", "SteamVR_Windows_EditorHelper.csproj", "{7A6EA599-7E12-8A36-3C3D-58D4DB34BC89}"
EndProject
Global
	GlobalSection(SolutionConfigurationPlatforms) = preSolution
		Debug|Any CPU = Debug|Any CPU
		Release|Any CPU = Release|Any CPU
	EndGlobalSection
	GlobalSection(ProjectConfigurationPlatforms) = postSolution
		{97636B96-F2B3-7E24-429C-9F5210A29093}.Debug|Any CPU.ActiveCfg = Debug|Any CPU
		{97636B96-F2B3-7E24-429C-9F5210A29093}.Debug|Any CPU.Build.0 = Debug|Any CPU
		{97636B96-F2B3-7E24-429C-9F5210A29093}.Release|Any CPU.ActiveCfg = Release|Any CPU
		{97636B96-F2B3-7E24-429C-9F5210A29093}.Release|Any CPU.Build.0 = Release|Any CPU
		{165C9D4B-FA90-83D2-5C6D-EF5E5B873928}.Debug|Any CPU.ActiveCfg = Debug|Any CPU
		{165C9D4B-FA90-83D2-5C6D-EF5E5B873928}.Debug|Any CPU.Build.0 = Debug|Any CPU
		{165C9D4B-FA90-83D2-5C6D-EF5E5B873928}.Release|Any CPU.ActiveCfg = Release|Any CPU
		{165C9D4B-FA90-83D2-5C6D-EF5E5B873928}.Release|Any CPU.Build.0 = Release|Any CPU
		{C3395D40-3DE0-CEDF-9592-411B723BA9DF}.Debug|Any CPU.ActiveCfg = Debug|Any CPU
		{C3395D40-3DE0-CEDF-9592-411B723BA9DF}.Debug|Any CPU.Build.0 = Debug|Any CPU
		{C3395D40-3DE0-CEDF-9592-411B723BA9DF}.Release|Any CPU.ActiveCfg = Release|Any CPU
		{C3395D40-3DE0-CEDF-9592-411B723BA9DF}.Release|Any CPU.Build.0 = Release|Any CPU
		{7A6EA599-7E12-8A36-3C3D-58D4DB34BC89}.Debug|Any CPU.ActiveCfg = Debug|Any CPU
		{7A6EA599-7E12-8A36-3C3D-58D4DB34BC89}.Debug|Any CPU.Build.0 = Debug|Any CPU
		{7A6EA599-7E12-8A36-3C3D-58D4DB34BC89}.Release|Any CPU.ActiveCfg = Release|Any CPU
		{7A6EA599-7E12-8A36-3C3D-58D4DB34BC89}.Release|Any CPU.Build.0 = Release|Any CPU
	EndGlobalSection
	GlobalSection(SolutionProperties) = preSolution
		HideSolutionNode = FALSE
	EndGlobalSection
EndGlobal
